// !$*UTF8*$!
{
	archiveVersion = 1;
	classes = {
	};
	objectVersion = 47;
	objects = {

/* Begin PBXBuildFile section */
		201D00851AF1F8BA00D32F95 /* RateNumberController.swift in Sources */ = {isa = PBXBuildFile; fileRef = 201D00841AF1F8BA00D32F95 /* RateNumberController.swift */; };
		201D00871AF1F8BA00D32F95 /* NotificationController.swift in Sources */ = {isa = PBXBuildFile; fileRef = 201D00861AF1F8BA00D32F95 /* NotificationController.swift */; };
		201D00891AF1F8BA00D32F95 /* Images.xcassets in Resources */ = {isa = PBXBuildFile; fileRef = 201D00881AF1F8BA00D32F95 /* Images.xcassets */; };
		201D008D1AF1F8BA00D32F95 /* Nume WatchKit App.app in Resources */ = {isa = PBXBuildFile; fileRef = 201D008C1AF1F8BA00D32F95 /* Nume WatchKit App.app */; };
		201D00951AF1F8BA00D32F95 /* Interface.storyboard in Resources */ = {isa = PBXBuildFile; fileRef = 201D00931AF1F8BA00D32F95 /* Interface.storyboard */; };
		201D00971AF1F8BA00D32F95 /* Images.xcassets in Resources */ = {isa = PBXBuildFile; fileRef = 201D00961AF1F8BA00D32F95 /* Images.xcassets */; };
		201D009A1AF1F8BA00D32F95 /* Nume WatchKit Extension.appex in Embed App Extensions */ = {isa = PBXBuildFile; fileRef = 201D007F1AF1F8BA00D32F95 /* Nume WatchKit Extension.appex */; settings = {ATTRIBUTES = (RemoveHeadersOnCopy, ); }; };
		207D5A3E1AF5F14A00E8C7E2 /* Book.png in Resources */ = {isa = PBXBuildFile; fileRef = 207D5A3D1AF5F14A00E8C7E2 /* Book.png */; };
		207D5A401AF5F15200E8C7E2 /* Commute.png in Resources */ = {isa = PBXBuildFile; fileRef = 207D5A3F1AF5F15200E8C7E2 /* Commute.png */; };
		207D5A421AF5F15B00E8C7E2 /* Beer.png in Resources */ = {isa = PBXBuildFile; fileRef = 207D5A411AF5F15B00E8C7E2 /* Beer.png */; };
		207D5A441AF5F16400E8C7E2 /* Restaurant.png in Resources */ = {isa = PBXBuildFile; fileRef = 207D5A431AF5F16400E8C7E2 /* Restaurant.png */; };
		20A552D11AE81D82005AFB27 /* Images.xcassets in Resources */ = {isa = PBXBuildFile; fileRef = 20A552D01AE81D82005AFB27 /* Images.xcassets */; };
		20A552D41AE81D82005AFB27 /* LaunchScreen.xib in Resources */ = {isa = PBXBuildFile; fileRef = 20A552D21AE81D82005AFB27 /* LaunchScreen.xib */; };
		20A552E01AE81D82005AFB27 /* NumeTests.swift in Sources */ = {isa = PBXBuildFile; fileRef = 20A552DF1AE81D82005AFB27 /* NumeTests.swift */; };
		20D152731AF978320072E2AA /* Microphone.png in Resources */ = {isa = PBXBuildFile; fileRef = 20D152721AF978320072E2AA /* Microphone.png */; };
		20FCBA2B1AFB2ECF00CAC66D /* User.swift in Sources */ = {isa = PBXBuildFile; fileRef = 20FCBA2A1AFB2ECF00CAC66D /* User.swift */; };
		20FCBA901AFDC0DF00CAC66D /* NumberNewsfeedController.swift in Sources */ = {isa = PBXBuildFile; fileRef = 20FCBA8F1AFDC0DF00CAC66D /* NumberNewsfeedController.swift */; };
		CA3BF4FB1B151BE100036471 /* 01.png in Resources */ = {isa = PBXBuildFile; fileRef = CA3BF4F41B151BE100036471 /* 01.png */; };
		CA3BF4FC1B151BE100036471 /* 02.png in Resources */ = {isa = PBXBuildFile; fileRef = CA3BF4F51B151BE100036471 /* 02.png */; };
		CA3BF4FD1B151BE100036471 /* 03.png in Resources */ = {isa = PBXBuildFile; fileRef = CA3BF4F61B151BE100036471 /* 03.png */; };
		CA3BF4FE1B151BE100036471 /* 04.png in Resources */ = {isa = PBXBuildFile; fileRef = CA3BF4F71B151BE100036471 /* 04.png */; };
		CA3BF4FF1B151BE100036471 /* 05.png in Resources */ = {isa = PBXBuildFile; fileRef = CA3BF4F81B151BE100036471 /* 05.png */; };
		CA3BF5001B151BE100036471 /* 06.png in Resources */ = {isa = PBXBuildFile; fileRef = CA3BF4F91B151BE100036471 /* 06.png */; };
		CA3BF5011B151BE100036471 /* 07.png in Resources */ = {isa = PBXBuildFile; fileRef = CA3BF4FA1B151BE100036471 /* 07.png */; };
		CA3BF5111B15205C00036471 /* ScrollViewContainer.swift in Sources */ = {isa = PBXBuildFile; fileRef = CA3BF5101B15205C00036471 /* ScrollViewContainer.swift */; };
		CA51F4961AF9876300BC94BC /* Main.storyboard in Resources */ = {isa = PBXBuildFile; fileRef = CA51F4951AF9876300BC94BC /* Main.storyboard */; };
		CA51F49B1AF9882D00BC94BC /* AppDelegate.swift in Sources */ = {isa = PBXBuildFile; fileRef = CA51F4981AF9882D00BC94BC /* AppDelegate.swift */; };
		CA51F49C1AF9882D00BC94BC /* LoginViewController.swift in Sources */ = {isa = PBXBuildFile; fileRef = CA51F4991AF9882D00BC94BC /* LoginViewController.swift */; };
		CA51F49E1AF9884400BC94BC /* FBSDKLoginKit.framework in Frameworks */ = {isa = PBXBuildFile; fileRef = CA51F49D1AF9884400BC94BC /* FBSDKLoginKit.framework */; };
		CA51F4A01AF9884F00BC94BC /* FBSDKCoreKit.framework in Frameworks */ = {isa = PBXBuildFile; fileRef = CA51F49F1AF9884F00BC94BC /* FBSDKCoreKit.framework */; };
		CA56783C1B0BEE1E007268F3 /* TutorialPage.xib in Resources */ = {isa = PBXBuildFile; fileRef = CA56783B1B0BEE1E007268F3 /* TutorialPage.xib */; };
		CA56783E1B0E7E0F007268F3 /* PagedScrollViewController.swift in Sources */ = {isa = PBXBuildFile; fileRef = CA56783D1B0E7E0F007268F3 /* PagedScrollViewController.swift */; };
/* End PBXBuildFile section */

/* Begin PBXContainerItemProxy section */
		201D008E1AF1F8BA00D32F95 /* PBXContainerItemProxy */ = {
			isa = PBXContainerItemProxy;
			containerPortal = 20A552BA1AE81D82005AFB27 /* Project object */;
			proxyType = 1;
			remoteGlobalIDString = 201D008B1AF1F8BA00D32F95;
			remoteInfo = "Nume WatchKit App";
		};
		201D00981AF1F8BA00D32F95 /* PBXContainerItemProxy */ = {
			isa = PBXContainerItemProxy;
			containerPortal = 20A552BA1AE81D82005AFB27 /* Project object */;
			proxyType = 1;
			remoteGlobalIDString = 201D007E1AF1F8BA00D32F95;
			remoteInfo = "Nume WatchKit Extension";
		};
		20A552DA1AE81D82005AFB27 /* PBXContainerItemProxy */ = {
			isa = PBXContainerItemProxy;
			containerPortal = 20A552BA1AE81D82005AFB27 /* Project object */;
			proxyType = 1;
			remoteGlobalIDString = 20A552C11AE81D82005AFB27;
			remoteInfo = Nume;
		};
/* End PBXContainerItemProxy section */

/* Begin PBXCopyFilesBuildPhase section */
		201D00A11AF1F8BA00D32F95 /* Embed App Extensions */ = {
			isa = PBXCopyFilesBuildPhase;
			buildActionMask = 2147483647;
			dstPath = "";
			dstSubfolderSpec = 13;
			files = (
				201D009A1AF1F8BA00D32F95 /* Nume WatchKit Extension.appex in Embed App Extensions */,
			);
			name = "Embed App Extensions";
			runOnlyForDeploymentPostprocessing = 0;
		};
/* End PBXCopyFilesBuildPhase section */

/* Begin PBXFileReference section */
		201D007F1AF1F8BA00D32F95 /* Nume WatchKit Extension.appex */ = {isa = PBXFileReference; explicitFileType = "wrapper.app-extension"; includeInIndex = 0; path = "Nume WatchKit Extension.appex"; sourceTree = BUILT_PRODUCTS_DIR; };
		201D00821AF1F8BA00D32F95 /* Info.plist */ = {isa = PBXFileReference; lastKnownFileType = text.plist.xml; path = Info.plist; sourceTree = "<group>"; };
		201D00831AF1F8BA00D32F95 /* PushNotificationPayload.apns */ = {isa = PBXFileReference; lastKnownFileType = text; path = PushNotificationPayload.apns; sourceTree = "<group>"; };
		201D00841AF1F8BA00D32F95 /* RateNumberController.swift */ = {isa = PBXFileReference; lastKnownFileType = sourcecode.swift; path = RateNumberController.swift; sourceTree = "<group>"; };
		201D00861AF1F8BA00D32F95 /* NotificationController.swift */ = {isa = PBXFileReference; lastKnownFileType = sourcecode.swift; path = NotificationController.swift; sourceTree = "<group>"; };
		201D00881AF1F8BA00D32F95 /* Images.xcassets */ = {isa = PBXFileReference; lastKnownFileType = folder.assetcatalog; path = Images.xcassets; sourceTree = "<group>"; };
		201D008C1AF1F8BA00D32F95 /* Nume WatchKit App.app */ = {isa = PBXFileReference; explicitFileType = wrapper.application; includeInIndex = 0; path = "Nume WatchKit App.app"; sourceTree = BUILT_PRODUCTS_DIR; };
		201D00921AF1F8BA00D32F95 /* Info.plist */ = {isa = PBXFileReference; lastKnownFileType = text.plist.xml; path = Info.plist; sourceTree = "<group>"; };
		201D00941AF1F8BA00D32F95 /* Base */ = {isa = PBXFileReference; lastKnownFileType = file.storyboard; name = Base; path = Base.lproj/Interface.storyboard; sourceTree = "<group>"; };
		201D00961AF1F8BA00D32F95 /* Images.xcassets */ = {isa = PBXFileReference; lastKnownFileType = folder.assetcatalog; path = Images.xcassets; sourceTree = "<group>"; };
		207D5A3D1AF5F14A00E8C7E2 /* Book.png */ = {isa = PBXFileReference; lastKnownFileType = image.png; path = Book.png; sourceTree = "<group>"; };
		207D5A3F1AF5F15200E8C7E2 /* Commute.png */ = {isa = PBXFileReference; lastKnownFileType = image.png; path = Commute.png; sourceTree = "<group>"; };
		207D5A411AF5F15B00E8C7E2 /* Beer.png */ = {isa = PBXFileReference; lastKnownFileType = image.png; path = Beer.png; sourceTree = "<group>"; };
		207D5A431AF5F16400E8C7E2 /* Restaurant.png */ = {isa = PBXFileReference; lastKnownFileType = image.png; path = Restaurant.png; sourceTree = "<group>"; };
		20A552C21AE81D82005AFB27 /* Nume.app */ = {isa = PBXFileReference; explicitFileType = wrapper.application; includeInIndex = 0; path = Nume.app; sourceTree = BUILT_PRODUCTS_DIR; };
		20A552D01AE81D82005AFB27 /* Images.xcassets */ = {isa = PBXFileReference; lastKnownFileType = folder.assetcatalog; path = Images.xcassets; sourceTree = "<group>"; };
		20A552D31AE81D82005AFB27 /* Base */ = {isa = PBXFileReference; lastKnownFileType = file.xib; name = Base; path = Base.lproj/LaunchScreen.xib; sourceTree = "<group>"; };
		20A552D91AE81D82005AFB27 /* NumeTests.xctest */ = {isa = PBXFileReference; explicitFileType = wrapper.cfbundle; includeInIndex = 0; path = NumeTests.xctest; sourceTree = BUILT_PRODUCTS_DIR; };
		20A552DE1AE81D82005AFB27 /* Info.plist */ = {isa = PBXFileReference; lastKnownFileType = text.plist.xml; path = Info.plist; sourceTree = "<group>"; };
		20A552DF1AE81D82005AFB27 /* NumeTests.swift */ = {isa = PBXFileReference; lastKnownFileType = sourcecode.swift; path = NumeTests.swift; sourceTree = "<group>"; };
		20D152721AF978320072E2AA /* Microphone.png */ = {isa = PBXFileReference; lastKnownFileType = image.png; path = Microphone.png; sourceTree = "<group>"; };
		20FCBA2A1AFB2ECF00CAC66D /* User.swift */ = {isa = PBXFileReference; fileEncoding = 4; lastKnownFileType = sourcecode.swift; path = User.swift; sourceTree = "<group>"; };
		20FCBA8F1AFDC0DF00CAC66D /* NumberNewsfeedController.swift */ = {isa = PBXFileReference; fileEncoding = 4; lastKnownFileType = sourcecode.swift; path = NumberNewsfeedController.swift; sourceTree = "<group>"; };
		CA3BF4F41B151BE100036471 /* 01.png */ = {isa = PBXFileReference; lastKnownFileType = image.png; path = 01.png; sourceTree = "<group>"; };
		CA3BF4F51B151BE100036471 /* 02.png */ = {isa = PBXFileReference; lastKnownFileType = image.png; path = 02.png; sourceTree = "<group>"; };
		CA3BF4F61B151BE100036471 /* 03.png */ = {isa = PBXFileReference; lastKnownFileType = image.png; path = 03.png; sourceTree = "<group>"; };
		CA3BF4F71B151BE100036471 /* 04.png */ = {isa = PBXFileReference; lastKnownFileType = image.png; path = 04.png; sourceTree = "<group>"; };
		CA3BF4F81B151BE100036471 /* 05.png */ = {isa = PBXFileReference; lastKnownFileType = image.png; path = 05.png; sourceTree = "<group>"; };
		CA3BF4F91B151BE100036471 /* 06.png */ = {isa = PBXFileReference; lastKnownFileType = image.png; path = 06.png; sourceTree = "<group>"; };
		CA3BF4FA1B151BE100036471 /* 07.png */ = {isa = PBXFileReference; lastKnownFileType = image.png; path = 07.png; sourceTree = "<group>"; };
		CA3BF5101B15205C00036471 /* ScrollViewContainer.swift */ = {isa = PBXFileReference; fileEncoding = 4; lastKnownFileType = sourcecode.swift; path = ScrollViewContainer.swift; sourceTree = "<group>"; };
		CA51F4951AF9876300BC94BC /* Main.storyboard */ = {isa = PBXFileReference; fileEncoding = 4; lastKnownFileType = file.storyboard; path = Main.storyboard; sourceTree = "<group>"; };
		CA51F4981AF9882D00BC94BC /* AppDelegate.swift */ = {isa = PBXFileReference; fileEncoding = 4; lastKnownFileType = sourcecode.swift; path = AppDelegate.swift; sourceTree = "<group>"; };
		CA51F4991AF9882D00BC94BC /* LoginViewController.swift */ = {isa = PBXFileReference; fileEncoding = 4; lastKnownFileType = sourcecode.swift; path = LoginViewController.swift; sourceTree = "<group>"; };
		CA51F49A1AF9882D00BC94BC /* Bridging-Header.h */ = {isa = PBXFileReference; fileEncoding = 4; lastKnownFileType = sourcecode.c.h; path = "Bridging-Header.h"; sourceTree = "<group>"; };
		CA51F49D1AF9884400BC94BC /* FBSDKLoginKit.framework */ = {isa = PBXFileReference; lastKnownFileType = wrapper.framework; name = FBSDKLoginKit.framework; path = Nume/FBSDKLoginKit.framework; sourceTree = "<group>"; };
		CA51F49F1AF9884F00BC94BC /* FBSDKCoreKit.framework */ = {isa = PBXFileReference; lastKnownFileType = wrapper.framework; name = FBSDKCoreKit.framework; path = Nume/FBSDKCoreKit.framework; sourceTree = "<group>"; };
		CA51F4A71AF98B4000BC94BC /* Info.plist */ = {isa = PBXFileReference; fileEncoding = 4; lastKnownFileType = text.plist.xml; name = Info.plist; path = Nume/Info.plist; sourceTree = "<group>"; };
		CA56783B1B0BEE1E007268F3 /* TutorialPage.xib */ = {isa = PBXFileReference; fileEncoding = 4; lastKnownFileType = file.xib; path = TutorialPage.xib; sourceTree = "<group>"; };
		CA56783D1B0E7E0F007268F3 /* PagedScrollViewController.swift */ = {isa = PBXFileReference; fileEncoding = 4; lastKnownFileType = sourcecode.swift; name = PagedScrollViewController.swift; path = ../PagedScrollViewController.swift; sourceTree = "<group>"; };
/* End PBXFileReference section */

/* Begin PBXFrameworksBuildPhase section */
		201D007C1AF1F8BA00D32F95 /* Frameworks */ = {
			isa = PBXFrameworksBuildPhase;
			buildActionMask = 2147483647;
			files = (
			);
			runOnlyForDeploymentPostprocessing = 0;
		};
		20A552BF1AE81D82005AFB27 /* Frameworks */ = {
			isa = PBXFrameworksBuildPhase;
			buildActionMask = 2147483647;
			files = (
				CA51F49E1AF9884400BC94BC /* FBSDKLoginKit.framework in Frameworks */,
				CA51F4A01AF9884F00BC94BC /* FBSDKCoreKit.framework in Frameworks */,
			);
			runOnlyForDeploymentPostprocessing = 0;
		};
		20A552D61AE81D82005AFB27 /* Frameworks */ = {
			isa = PBXFrameworksBuildPhase;
			buildActionMask = 2147483647;
			files = (
			);
			runOnlyForDeploymentPostprocessing = 0;
		};
/* End PBXFrameworksBuildPhase section */

/* Begin PBXGroup section */
		201D00801AF1F8BA00D32F95 /* Nume WatchKit Extension */ = {
			isa = PBXGroup;
			children = (
				201D00841AF1F8BA00D32F95 /* RateNumberController.swift */,
				20FCBA8F1AFDC0DF00CAC66D /* NumberNewsfeedController.swift */,
				201D00861AF1F8BA00D32F95 /* NotificationController.swift */,
				20FCBA2A1AFB2ECF00CAC66D /* User.swift */,
				201D00881AF1F8BA00D32F95 /* Images.xcassets */,
				201D00811AF1F8BA00D32F95 /* Supporting Files */,
			);
			path = "Nume WatchKit Extension";
			sourceTree = "<group>";
		};
		201D00811AF1F8BA00D32F95 /* Supporting Files */ = {
			isa = PBXGroup;
			children = (
				201D00821AF1F8BA00D32F95 /* Info.plist */,
				201D00831AF1F8BA00D32F95 /* PushNotificationPayload.apns */,
			);
			name = "Supporting Files";
			sourceTree = "<group>";
		};
		201D00901AF1F8BA00D32F95 /* Nume WatchKit App */ = {
			isa = PBXGroup;
			children = (
				201D00931AF1F8BA00D32F95 /* Interface.storyboard */,
				201D00961AF1F8BA00D32F95 /* Images.xcassets */,
				201D00911AF1F8BA00D32F95 /* SupportingFiles */,
			);
			path = "Nume WatchKit App";
			sourceTree = "<group>";
		};
		201D00911AF1F8BA00D32F95 /* SupportingFiles */ = {
			isa = PBXGroup;
			children = (
				207D5A431AF5F16400E8C7E2 /* Restaurant.png */,
				207D5A411AF5F15B00E8C7E2 /* Beer.png */,
				207D5A3F1AF5F15200E8C7E2 /* Commute.png */,
				207D5A3D1AF5F14A00E8C7E2 /* Book.png */,
				20D152721AF978320072E2AA /* Microphone.png */,
				201D00921AF1F8BA00D32F95 /* Info.plist */,
			);
			name = SupportingFiles;
			sourceTree = "<group>";
		};
		20A552B91AE81D82005AFB27 = {
			isa = PBXGroup;
			children = (
				20A552C41AE81D82005AFB27 /* Nume */,
				20A552DC1AE81D82005AFB27 /* NumeTests */,
				201D00801AF1F8BA00D32F95 /* Nume WatchKit Extension */,
				201D00901AF1F8BA00D32F95 /* Nume WatchKit App */,
				20A552C31AE81D82005AFB27 /* Products */,
			);
			sourceTree = "<group>";
		};
		20A552C31AE81D82005AFB27 /* Products */ = {
			isa = PBXGroup;
			children = (
				20A552C21AE81D82005AFB27 /* Nume.app */,
				20A552D91AE81D82005AFB27 /* NumeTests.xctest */,
				201D007F1AF1F8BA00D32F95 /* Nume WatchKit Extension.appex */,
				201D008C1AF1F8BA00D32F95 /* Nume WatchKit App.app */,
			);
			name = Products;
			sourceTree = "<group>";
		};
		20A552C41AE81D82005AFB27 /* Nume */ = {
			isa = PBXGroup;
			children = (
				CA51F4981AF9882D00BC94BC /* AppDelegate.swift */,
				CA51F4991AF9882D00BC94BC /* LoginViewController.swift */,
				CA56783D1B0E7E0F007268F3 /* PagedScrollViewController.swift */,
				CA3BF5101B15205C00036471 /* ScrollViewContainer.swift */,
				CA51F49A1AF9882D00BC94BC /* Bridging-Header.h */,
				CA51F4951AF9876300BC94BC /* Main.storyboard */,
				20A552D01AE81D82005AFB27 /* Images.xcassets */,
				20A552D21AE81D82005AFB27 /* LaunchScreen.xib */,
				CA56783B1B0BEE1E007268F3 /* TutorialPage.xib */,
				CA51F4A41AF9893000BC94BC /* Facebook Frameworks */,
				CA51F4A11AF9890A00BC94BC /* Supporting Files */,
			);
			path = Nume;
			sourceTree = "<group>";
		};
		20A552DC1AE81D82005AFB27 /* NumeTests */ = {
			isa = PBXGroup;
			children = (
				20A552DF1AE81D82005AFB27 /* NumeTests.swift */,
				20A552DD1AE81D82005AFB27 /* Supporting Files */,
			);
			path = NumeTests;
			sourceTree = "<group>";
		};
		20A552DD1AE81D82005AFB27 /* Supporting Files */ = {
			isa = PBXGroup;
			children = (
				20A552DE1AE81D82005AFB27 /* Info.plist */,
			);
			name = "Supporting Files";
			sourceTree = "<group>";
		};
		CA51F4A11AF9890A00BC94BC /* Supporting Files */ = {
			isa = PBXGroup;
			children = (
				CA3BF4F41B151BE100036471 /* 01.png */,
				CA3BF4F51B151BE100036471 /* 02.png */,
				CA3BF4F61B151BE100036471 /* 03.png */,
				CA3BF4F71B151BE100036471 /* 04.png */,
				CA3BF4F81B151BE100036471 /* 05.png */,
				CA3BF4F91B151BE100036471 /* 06.png */,
				CA3BF4FA1B151BE100036471 /* 07.png */,
				CA51F4A71AF98B4000BC94BC /* Info.plist */,
			);
			name = "Supporting Files";
			path = ..;
			sourceTree = "<group>";
		};
		CA51F4A41AF9893000BC94BC /* Facebook Frameworks */ = {
			isa = PBXGroup;
			children = (
				CA51F49F1AF9884F00BC94BC /* FBSDKCoreKit.framework */,
				CA51F49D1AF9884400BC94BC /* FBSDKLoginKit.framework */,
			);
			name = "Facebook Frameworks";
			path = ..;
			sourceTree = "<group>";
		};
/* End PBXGroup section */

/* Begin PBXNativeTarget section */
		201D007E1AF1F8BA00D32F95 /* Nume WatchKit Extension */ = {
			isa = PBXNativeTarget;
			buildConfigurationList = 201D009E1AF1F8BA00D32F95 /* Build configuration list for PBXNativeTarget "Nume WatchKit Extension" */;
			buildPhases = (
				201D007B1AF1F8BA00D32F95 /* Sources */,
				201D007C1AF1F8BA00D32F95 /* Frameworks */,
				201D007D1AF1F8BA00D32F95 /* Resources */,
			);
			buildRules = (
			);
			dependencies = (
				201D008F1AF1F8BA00D32F95 /* PBXTargetDependency */,
			);
			name = "Nume WatchKit Extension";
			productName = "Nume WatchKit Extension";
			productReference = 201D007F1AF1F8BA00D32F95 /* Nume WatchKit Extension.appex */;
			productType = "com.apple.product-type.watchkit-extension";
		};
		201D008B1AF1F8BA00D32F95 /* Nume WatchKit App */ = {
			isa = PBXNativeTarget;
			buildConfigurationList = 201D009B1AF1F8BA00D32F95 /* Build configuration list for PBXNativeTarget "Nume WatchKit App" */;
			buildPhases = (
				201D008A1AF1F8BA00D32F95 /* Resources */,
			);
			buildRules = (
			);
			dependencies = (
			);
			name = "Nume WatchKit App";
			productName = "Nume WatchKit App";
			productReference = 201D008C1AF1F8BA00D32F95 /* Nume WatchKit App.app */;
			productType = "com.apple.product-type.application.watchapp";
		};
		20A552C11AE81D82005AFB27 /* Nume */ = {
			isa = PBXNativeTarget;
			buildConfigurationList = 20A552E31AE81D82005AFB27 /* Build configuration list for PBXNativeTarget "Nume" */;
			buildPhases = (
				20A552BE1AE81D82005AFB27 /* Sources */,
				20A552BF1AE81D82005AFB27 /* Frameworks */,
				20A552C01AE81D82005AFB27 /* Resources */,
				201D00A11AF1F8BA00D32F95 /* Embed App Extensions */,
			);
			buildRules = (
			);
			dependencies = (
				201D00991AF1F8BA00D32F95 /* PBXTargetDependency */,
			);
			name = Nume;
			productName = Nume;
			productReference = 20A552C21AE81D82005AFB27 /* Nume.app */;
			productType = "com.apple.product-type.application";
		};
		20A552D81AE81D82005AFB27 /* NumeTests */ = {
			isa = PBXNativeTarget;
			buildConfigurationList = 20A552E61AE81D82005AFB27 /* Build configuration list for PBXNativeTarget "NumeTests" */;
			buildPhases = (
				20A552D51AE81D82005AFB27 /* Sources */,
				20A552D61AE81D82005AFB27 /* Frameworks */,
				20A552D71AE81D82005AFB27 /* Resources */,
			);
			buildRules = (
			);
			dependencies = (
				20A552DB1AE81D82005AFB27 /* PBXTargetDependency */,
			);
			name = NumeTests;
			productName = NumeTests;
			productReference = 20A552D91AE81D82005AFB27 /* NumeTests.xctest */;
			productType = "com.apple.product-type.bundle.unit-test";
		};
/* End PBXNativeTarget section */

/* Begin PBXProject section */
		20A552BA1AE81D82005AFB27 /* Project object */ = {
			isa = PBXProject;
			attributes = {
				LastUpgradeCheck = 0630;
				ORGANIZATIONNAME = "Daniel Hsu";
				TargetAttributes = {
					201D007E1AF1F8BA00D32F95 = {
						CreatedOnToolsVersion = 6.3.1;
						DevelopmentTeam = GRFMFYY59P;
					};
					201D008B1AF1F8BA00D32F95 = {
						CreatedOnToolsVersion = 6.3.1;
						DevelopmentTeam = GRFMFYY59P;
					};
					20A552C11AE81D82005AFB27 = {
						CreatedOnToolsVersion = 6.3;
					};
					20A552D81AE81D82005AFB27 = {
						CreatedOnToolsVersion = 6.3;
						TestTargetID = 20A552C11AE81D82005AFB27;
					};
				};
			};
			buildConfigurationList = 20A552BD1AE81D82005AFB27 /* Build configuration list for PBXProject "Nume" */;
			compatibilityVersion = "Xcode 6.3";
			developmentRegion = English;
			hasScannedForEncodings = 0;
			knownRegions = (
				en,
				Base,
			);
			mainGroup = 20A552B91AE81D82005AFB27;
			productRefGroup = 20A552C31AE81D82005AFB27 /* Products */;
			projectDirPath = "";
			projectRoot = "";
			targets = (
				20A552C11AE81D82005AFB27 /* Nume */,
				20A552D81AE81D82005AFB27 /* NumeTests */,
				201D007E1AF1F8BA00D32F95 /* Nume WatchKit Extension */,
				201D008B1AF1F8BA00D32F95 /* Nume WatchKit App */,
			);
		};
/* End PBXProject section */

/* Begin PBXResourcesBuildPhase section */
		201D007D1AF1F8BA00D32F95 /* Resources */ = {
			isa = PBXResourcesBuildPhase;
			buildActionMask = 2147483647;
			files = (
				201D00891AF1F8BA00D32F95 /* Images.xcassets in Resources */,
				201D008D1AF1F8BA00D32F95 /* Nume WatchKit App.app in Resources */,
			);
			runOnlyForDeploymentPostprocessing = 0;
		};
		201D008A1AF1F8BA00D32F95 /* Resources */ = {
			isa = PBXResourcesBuildPhase;
			buildActionMask = 2147483647;
			files = (
				201D00951AF1F8BA00D32F95 /* Interface.storyboard in Resources */,
				207D5A441AF5F16400E8C7E2 /* Restaurant.png in Resources */,
				207D5A401AF5F15200E8C7E2 /* Commute.png in Resources */,
				207D5A421AF5F15B00E8C7E2 /* Beer.png in Resources */,
				20D152731AF978320072E2AA /* Microphone.png in Resources */,
				207D5A3E1AF5F14A00E8C7E2 /* Book.png in Resources */,
				201D00971AF1F8BA00D32F95 /* Images.xcassets in Resources */,
			);
			runOnlyForDeploymentPostprocessing = 0;
		};
		20A552C01AE81D82005AFB27 /* Resources */ = {
			isa = PBXResourcesBuildPhase;
			buildActionMask = 2147483647;
			files = (
				CA3BF4FD1B151BE100036471 /* 03.png in Resources */,
				CA3BF4FB1B151BE100036471 /* 01.png in Resources */,
				CA51F4961AF9876300BC94BC /* Main.storyboard in Resources */,
				20A552D41AE81D82005AFB27 /* LaunchScreen.xib in Resources */,
				CA56783C1B0BEE1E007268F3 /* TutorialPage.xib in Resources */,
				CA3BF5011B151BE100036471 /* 07.png in Resources */,
				CA3BF5001B151BE100036471 /* 06.png in Resources */,
				CA3BF4FF1B151BE100036471 /* 05.png in Resources */,
				CA3BF4FE1B151BE100036471 /* 04.png in Resources */,
				20A552D11AE81D82005AFB27 /* Images.xcassets in Resources */,
				CA3BF4FC1B151BE100036471 /* 02.png in Resources */,
			);
			runOnlyForDeploymentPostprocessing = 0;
		};
		20A552D71AE81D82005AFB27 /* Resources */ = {
			isa = PBXResourcesBuildPhase;
			buildActionMask = 2147483647;
			files = (
			);
			runOnlyForDeploymentPostprocessing = 0;
		};
/* End PBXResourcesBuildPhase section */

/* Begin PBXSourcesBuildPhase section */
		201D007B1AF1F8BA00D32F95 /* Sources */ = {
			isa = PBXSourcesBuildPhase;
			buildActionMask = 2147483647;
			files = (
				201D00871AF1F8BA00D32F95 /* NotificationController.swift in Sources */,
				201D00851AF1F8BA00D32F95 /* RateNumberController.swift in Sources */,
				20FCBA2B1AFB2ECF00CAC66D /* User.swift in Sources */,
				20FCBA901AFDC0DF00CAC66D /* NumberNewsfeedController.swift in Sources */,
			);
			runOnlyForDeploymentPostprocessing = 0;
		};
		20A552BE1AE81D82005AFB27 /* Sources */ = {
			isa = PBXSourcesBuildPhase;
			buildActionMask = 2147483647;
			files = (
				CA51F49C1AF9882D00BC94BC /* LoginViewController.swift in Sources */,
				CA3BF5111B15205C00036471 /* ScrollViewContainer.swift in Sources */,
				CA56783E1B0E7E0F007268F3 /* PagedScrollViewController.swift in Sources */,
				CA51F49B1AF9882D00BC94BC /* AppDelegate.swift in Sources */,
			);
			runOnlyForDeploymentPostprocessing = 0;
		};
		20A552D51AE81D82005AFB27 /* Sources */ = {
			isa = PBXSourcesBuildPhase;
			buildActionMask = 2147483647;
			files = (
				20A552E01AE81D82005AFB27 /* NumeTests.swift in Sources */,
			);
			runOnlyForDeploymentPostprocessing = 0;
		};
/* End PBXSourcesBuildPhase section */

/* Begin PBXTargetDependency section */
		201D008F1AF1F8BA00D32F95 /* PBXTargetDependency */ = {
			isa = PBXTargetDependency;
			target = 201D008B1AF1F8BA00D32F95 /* Nume WatchKit App */;
			targetProxy = 201D008E1AF1F8BA00D32F95 /* PBXContainerItemProxy */;
		};
		201D00991AF1F8BA00D32F95 /* PBXTargetDependency */ = {
			isa = PBXTargetDependency;
			target = 201D007E1AF1F8BA00D32F95 /* Nume WatchKit Extension */;
			targetProxy = 201D00981AF1F8BA00D32F95 /* PBXContainerItemProxy */;
		};
		20A552DB1AE81D82005AFB27 /* PBXTargetDependency */ = {
			isa = PBXTargetDependency;
			target = 20A552C11AE81D82005AFB27 /* Nume */;
			targetProxy = 20A552DA1AE81D82005AFB27 /* PBXContainerItemProxy */;
		};
/* End PBXTargetDependency section */

/* Begin PBXVariantGroup section */
		201D00931AF1F8BA00D32F95 /* Interface.storyboard */ = {
			isa = PBXVariantGroup;
			children = (
				201D00941AF1F8BA00D32F95 /* Base */,
			);
			name = Interface.storyboard;
			sourceTree = "<group>";
		};
		20A552D21AE81D82005AFB27 /* LaunchScreen.xib */ = {
			isa = PBXVariantGroup;
			children = (
				20A552D31AE81D82005AFB27 /* Base */,
			);
			name = LaunchScreen.xib;
			sourceTree = "<group>";
		};
/* End PBXVariantGroup section */

/* Begin XCBuildConfiguration section */
		201D009C1AF1F8BA00D32F95 /* Debug */ = {
			isa = XCBuildConfiguration;
			buildSettings = {
				ASSETCATALOG_COMPILER_APPICON_NAME = AppIcon;
				CODE_SIGN_IDENTITY = "iPhone Developer";
				"CODE_SIGN_IDENTITY[sdk=iphoneos*]" = "iPhone Developer";
				GCC_PREPROCESSOR_DEFINITIONS = (
					"DEBUG=1",
					"$(inherited)",
				);
				IBSC_MODULE = Nume_WatchKit_Extension;
				INFOPLIST_FILE = "Nume WatchKit App/Info.plist";
				IPHONEOS_DEPLOYMENT_TARGET = 8.2;
				PRODUCT_NAME = "$(TARGET_NAME)";
				PROVISIONING_PROFILE = "";
				SKIP_INSTALL = YES;
				TARGETED_DEVICE_FAMILY = 4;
				"TARGETED_DEVICE_FAMILY[sdk=iphonesimulator*]" = "1,4";
			};
			name = Debug;
		};
		201D009D1AF1F8BA00D32F95 /* Release */ = {
			isa = XCBuildConfiguration;
			buildSettings = {
				ASSETCATALOG_COMPILER_APPICON_NAME = AppIcon;
				CODE_SIGN_IDENTITY = "iPhone Developer";
				"CODE_SIGN_IDENTITY[sdk=iphoneos*]" = "iPhone Developer";
				IBSC_MODULE = Nume_WatchKit_Extension;
				INFOPLIST_FILE = "Nume WatchKit App/Info.plist";
				IPHONEOS_DEPLOYMENT_TARGET = 8.2;
				PRODUCT_NAME = "$(TARGET_NAME)";
				PROVISIONING_PROFILE = "";
				SKIP_INSTALL = YES;
				TARGETED_DEVICE_FAMILY = 4;
				"TARGETED_DEVICE_FAMILY[sdk=iphonesimulator*]" = "1,4";
			};
			name = Release;
		};
		201D009F1AF1F8BA00D32F95 /* Debug */ = {
			isa = XCBuildConfiguration;
			buildSettings = {
				CODE_SIGN_IDENTITY = "iPhone Developer";
				GCC_PREPROCESSOR_DEFINITIONS = (
					"DEBUG=1",
					"$(inherited)",
				);
				INFOPLIST_FILE = "Nume WatchKit Extension/Info.plist";
				LD_RUNPATH_SEARCH_PATHS = "$(inherited) @executable_path/Frameworks @executable_path/../../Frameworks";
				PRODUCT_NAME = "${TARGET_NAME}";
				SKIP_INSTALL = YES;
			};
			name = Debug;
		};
		201D00A01AF1F8BA00D32F95 /* Release */ = {
			isa = XCBuildConfiguration;
			buildSettings = {
				CODE_SIGN_IDENTITY = "iPhone Developer";
				INFOPLIST_FILE = "Nume WatchKit Extension/Info.plist";
				LD_RUNPATH_SEARCH_PATHS = "$(inherited) @executable_path/Frameworks @executable_path/../../Frameworks";
				PRODUCT_NAME = "${TARGET_NAME}";
				SKIP_INSTALL = YES;
			};
			name = Release;
		};
		20A552E11AE81D82005AFB27 /* Debug */ = {
			isa = XCBuildConfiguration;
			buildSettings = {
				ALWAYS_SEARCH_USER_PATHS = NO;
				CLANG_CXX_LANGUAGE_STANDARD = "gnu++0x";
				CLANG_CXX_LIBRARY = "libc++";
				CLANG_ENABLE_MODULES = YES;
				CLANG_ENABLE_OBJC_ARC = YES;
				CLANG_WARN_BOOL_CONVERSION = YES;
				CLANG_WARN_CONSTANT_CONVERSION = YES;
				CLANG_WARN_DIRECT_OBJC_ISA_USAGE = YES_ERROR;
				CLANG_WARN_EMPTY_BODY = YES;
				CLANG_WARN_ENUM_CONVERSION = YES;
				CLANG_WARN_INT_CONVERSION = YES;
				CLANG_WARN_OBJC_ROOT_CLASS = YES_ERROR;
				CLANG_WARN_UNREACHABLE_CODE = YES;
				CLANG_WARN__DUPLICATE_METHOD_MATCH = YES;
				"CODE_SIGN_IDENTITY[sdk=iphoneos*]" = "iPhone Developer";
				COPY_PHASE_STRIP = NO;
				DEBUG_INFORMATION_FORMAT = "dwarf-with-dsym";
				ENABLE_STRICT_OBJC_MSGSEND = YES;
				GCC_C_LANGUAGE_STANDARD = gnu99;
				GCC_DYNAMIC_NO_PIC = NO;
				GCC_NO_COMMON_BLOCKS = YES;
				GCC_OPTIMIZATION_LEVEL = 0;
				GCC_PREPROCESSOR_DEFINITIONS = (
					"DEBUG=1",
					"$(inherited)",
				);
				GCC_SYMBOLS_PRIVATE_EXTERN = NO;
				GCC_WARN_64_TO_32_BIT_CONVERSION = YES;
				GCC_WARN_ABOUT_RETURN_TYPE = YES_ERROR;
				GCC_WARN_UNDECLARED_SELECTOR = YES;
				GCC_WARN_UNINITIALIZED_AUTOS = YES_AGGRESSIVE;
				GCC_WARN_UNUSED_FUNCTION = YES;
				GCC_WARN_UNUSED_VARIABLE = YES;
				IPHONEOS_DEPLOYMENT_TARGET = 8.3;
				MTL_ENABLE_DEBUG_INFO = YES;
				ONLY_ACTIVE_ARCH = YES;
				SDKROOT = iphoneos;
				SWIFT_OPTIMIZATION_LEVEL = "-Onone";
			};
			name = Debug;
		};
		20A552E21AE81D82005AFB27 /* Release */ = {
			isa = XCBuildConfiguration;
			buildSettings = {
				ALWAYS_SEARCH_USER_PATHS = NO;
				CLANG_CXX_LANGUAGE_STANDARD = "gnu++0x";
				CLANG_CXX_LIBRARY = "libc++";
				CLANG_ENABLE_MODULES = YES;
				CLANG_ENABLE_OBJC_ARC = YES;
				CLANG_WARN_BOOL_CONVERSION = YES;
				CLANG_WARN_CONSTANT_CONVERSION = YES;
				CLANG_WARN_DIRECT_OBJC_ISA_USAGE = YES_ERROR;
				CLANG_WARN_EMPTY_BODY = YES;
				CLANG_WARN_ENUM_CONVERSION = YES;
				CLANG_WARN_INT_CONVERSION = YES;
				CLANG_WARN_OBJC_ROOT_CLASS = YES_ERROR;
				CLANG_WARN_UNREACHABLE_CODE = YES;
				CLANG_WARN__DUPLICATE_METHOD_MATCH = YES;
				"CODE_SIGN_IDENTITY[sdk=iphoneos*]" = "iPhone Developer";
				COPY_PHASE_STRIP = NO;
				DEBUG_INFORMATION_FORMAT = "dwarf-with-dsym";
				ENABLE_NS_ASSERTIONS = NO;
				ENABLE_STRICT_OBJC_MSGSEND = YES;
				GCC_C_LANGUAGE_STANDARD = gnu99;
				GCC_NO_COMMON_BLOCKS = YES;
				GCC_WARN_64_TO_32_BIT_CONVERSION = YES;
				GCC_WARN_ABOUT_RETURN_TYPE = YES_ERROR;
				GCC_WARN_UNDECLARED_SELECTOR = YES;
				GCC_WARN_UNINITIALIZED_AUTOS = YES_AGGRESSIVE;
				GCC_WARN_UNUSED_FUNCTION = YES;
				GCC_WARN_UNUSED_VARIABLE = YES;
				IPHONEOS_DEPLOYMENT_TARGET = 8.3;
				MTL_ENABLE_DEBUG_INFO = NO;
				SDKROOT = iphoneos;
				VALIDATE_PRODUCT = YES;
			};
			name = Release;
		};
		20A552E41AE81D82005AFB27 /* Debug */ = {
			isa = XCBuildConfiguration;
			buildSettings = {
				ASSETCATALOG_COMPILER_APPICON_NAME = AppIcon;
				CLANG_ENABLE_MODULES = YES;
				FRAMEWORK_SEARCH_PATHS = (
					"$(inherited)",
					"$(PROJECT_DIR)/Nume",
				);
				INFOPLIST_FILE = Nume/Info.plist;
				LD_RUNPATH_SEARCH_PATHS = "$(inherited) @executable_path/Frameworks";
				PRODUCT_NAME = "$(TARGET_NAME)";
				SWIFT_OBJC_BRIDGING_HEADER = "Nume/Bridging-Header.h";
				SWIFT_OPTIMIZATION_LEVEL = "-Onone";
			};
			name = Debug;
		};
		20A552E51AE81D82005AFB27 /* Release */ = {
			isa = XCBuildConfiguration;
			buildSettings = {
				ASSETCATALOG_COMPILER_APPICON_NAME = AppIcon;
				CLANG_ENABLE_MODULES = YES;
				FRAMEWORK_SEARCH_PATHS = (
					"$(inherited)",
					"$(PROJECT_DIR)/Nume",
				);
				INFOPLIST_FILE = Nume/Info.plist;
				LD_RUNPATH_SEARCH_PATHS = "$(inherited) @executable_path/Frameworks";
				PRODUCT_NAME = "$(TARGET_NAME)";
				SWIFT_OBJC_BRIDGING_HEADER = "Nume/Bridging-Header.h";
			};
			name = Release;
		};
		20A552E71AE81D82005AFB27 /* Debug */ = {
			isa = XCBuildConfiguration;
			buildSettings = {
				BUNDLE_LOADER = "$(TEST_HOST)";
				FRAMEWORK_SEARCH_PATHS = (
					"$(SDKROOT)/Developer/Library/Frameworks",
					"$(inherited)",
				);
				GCC_PREPROCESSOR_DEFINITIONS = (
					"DEBUG=1",
					"$(inherited)",
				);
				INFOPLIST_FILE = NumeTests/Info.plist;
				LD_RUNPATH_SEARCH_PATHS = "$(inherited) @executable_path/Frameworks @loader_path/Frameworks";
				PRODUCT_NAME = "$(TARGET_NAME)";
				TEST_HOST = "$(BUILT_PRODUCTS_DIR)/Nume.app/Nume";
			};
			name = Debug;
		};
		20A552E81AE81D82005AFB27 /* Release */ = {
			isa = XCBuildConfiguration;
			buildSettings = {
				BUNDLE_LOADER = "$(TEST_HOST)";
				FRAMEWORK_SEARCH_PATHS = (
					"$(SDKROOT)/Developer/Library/Frameworks",
					"$(inherited)",
				);
				INFOPLIST_FILE = NumeTests/Info.plist;
				LD_RUNPATH_SEARCH_PATHS = "$(inherited) @executable_path/Frameworks @loader_path/Frameworks";
				PRODUCT_NAME = "$(TARGET_NAME)";
				TEST_HOST = "$(BUILT_PRODUCTS_DIR)/Nume.app/Nume";
			};
			name = Release;
		};
/* End XCBuildConfiguration section */

/* Begin XCConfigurationList section */
		201D009B1AF1F8BA00D32F95 /* Build configuration list for PBXNativeTarget "Nume WatchKit App" */ = {
			isa = XCConfigurationList;
			buildConfigurations = (
				201D009C1AF1F8BA00D32F95 /* Debug */,
				201D009D1AF1F8BA00D32F95 /* Release */,
			);
			defaultConfigurationIsVisible = 0;
			defaultConfigurationName = Release;
		};
		201D009E1AF1F8BA00D32F95 /* Build configuration list for PBXNativeTarget "Nume WatchKit Extension" */ = {
			isa = XCConfigurationList;
			buildConfigurations = (
				201D009F1AF1F8BA00D32F95 /* Debug */,
				201D00A01AF1F8BA00D32F95 /* Release */,
			);
			defaultConfigurationIsVisible = 0;
			defaultConfigurationName = Release;
		};
		20A552BD1AE81D82005AFB27 /* Build configuration list for PBXProject "Nume" */ = {
			isa = XCConfigurationList;
			buildConfigurations = (
				20A552E11AE81D82005AFB27 /* Debug */,
				20A552E21AE81D82005AFB27 /* Release */,
			);
			defaultConfigurationIsVisible = 0;
			defaultConfigurationName = Release;
		};
		20A552E31AE81D82005AFB27 /* Build configuration list for PBXNativeTarget "Nume" */ = {
			isa = XCConfigurationList;
			buildConfigurations = (
				20A552E41AE81D82005AFB27 /* Debug */,
				20A552E51AE81D82005AFB27 /* Release */,
			);
			defaultConfigurationIsVisible = 0;
			defaultConfigurationName = Release;
		};
		20A552E61AE81D82005AFB27 /* Build configuration list for PBXNativeTarget "NumeTests" */ = {
			isa = XCConfigurationList;
			buildConfigurations = (
				20A552E71AE81D82005AFB27 /* Debug */,
				20A552E81AE81D82005AFB27 /* Release */,
			);
			defaultConfigurationIsVisible = 0;
			defaultConfigurationName = Release;
		};
/* End XCConfigurationList section */
	};
	rootObject = 20A552BA1AE81D82005AFB27 /* Project object */;
}
