<?xml version="1.0" encoding="UTF-8"?>
<Scheme
   LastUpgradeVersion = "0630"
   version = "1.3">
   <BuildAction
      parallelizeBuildables = "YES"
      buildImplicitDependencies = "YES">
      <BuildActionEntries>
         <BuildActionEntry
            buildForTesting = "YES"
            buildForRunning = "YES"
            buildForProfiling = "YES"
            buildForArchiving = "YES"
            buildForAnalyzing = "YES">
            <BuildableReference
               BuildableIdentifier = "primary"
               BlueprintIdentifier = "201D008B1AF1F8BA00D32F95"
               BuildableName = "Nume WatchKit App.app"
               BlueprintName = "Nume WatchKit App"
               ReferencedContainer = "container:Nume.xcodeproj">
            </BuildableReference>
         </BuildActionEntry>
         <BuildActionEntry
            buildForTesting = "YES"
            buildForRunning = "YES"
            buildForProfiling = "YES"
            buildForArchiving = "YES"
            buildForAnalyzing = "YES">
            <BuildableReference
               BuildableIdentifier = "primary"
               BlueprintIdentifier = "201D007E1AF1F8BA00D32F95"
               BuildableName = "Nume WatchKit Extension.appex"
               BlueprintName = "Nume WatchKit Extension"
               ReferencedContainer = "container:Nume.xcodeproj">
            </BuildableReference>
         </BuildActionEntry>
         <BuildActionEntry
            buildForTesting = "YES"
            buildForRunning = "YES"
            buildForProfiling = "YES"
            buildForArchiving = "YES"
            buildForAnalyzing = "YES">
            <BuildableReference
               BuildableIdentifier = "primary"
               BlueprintIdentifier = "20A552C11AE81D82005AFB27"
               BuildableName = "Nume.app"
               BlueprintName = "Nume"
               ReferencedContainer = "container:Nume.xcodeproj">
            </BuildableReference>
         </BuildActionEntry>
      </BuildActionEntries>
   </BuildAction>
   <TestAction
      selectedDebuggerIdentifier = "Xcode.DebuggerFoundation.Debugger.LLDB"
      selectedLauncherIdentifier = "Xcode.DebuggerFoundation.Launcher.LLDB"
      shouldUseLaunchSchemeArgsEnv = "YES"
      buildConfiguration = "Debug">
      <Testables>
      </Testables>
      <MacroExpansion>
         <BuildableReference
            BuildableIdentifier = "primary"
            BlueprintIdentifier = "201D008B1AF1F8BA00D32F95"
            BuildableName = "Nume WatchKit App.app"
            BlueprintName = "Nume WatchKit App"
            ReferencedContainer = "container:Nume.xcodeproj">
         </BuildableReference>
      </MacroExpansion>
   </TestAction>
   <LaunchAction
      selectedDebuggerIdentifier = "Xcode.DebuggerFoundation.Debugger.LLDB"
      selectedLauncherIdentifier = "Xcode.DebuggerFoundation.Launcher.LLDB"
      launchStyle = "0"
      useCustomWorkingDirectory = "NO"
      buildConfiguration = "Debug"
      ignoresPersistentStateOnLaunch = "NO"
      debugDocumentVersioning = "YES"
      allowLocationSimulation = "YES">
      <RemoteRunnable
         runnableDebuggingMode = "2"
         BundleIdentifier = "com.apple.springboard"
         RemotePath = "/Nume">
         <BuildableReference
            BuildableIdentifier = "primary"
            BlueprintIdentifier = "201D008B1AF1F8BA00D32F95"
            BuildableName = "Nume WatchKit App.app"
            BlueprintName = "Nume WatchKit App"
            ReferencedContainer = "container:Nume.xcodeproj">
         </BuildableReference>
      </RemoteRunnable>
      <MacroExpansion>
         <BuildableReference
            BuildableIdentifier = "primary"
            BlueprintIdentifier = "201D008B1AF1F8BA00D32F95"
            BuildableName = "Nume WatchKit App.app"
            BlueprintName = "Nume WatchKit App"
            ReferencedContainer = "container:Nume.xcodeproj">
         </BuildableReference>
      </MacroExpansion>
      <AdditionalOptions>
      </AdditionalOptions>
   </LaunchAction>
   <ProfileAction
      shouldUseLaunchSchemeArgsEnv = "YES"
      savedToolIdentifier = ""
      useCustomWorkingDirectory = "NO"
      buildConfiguration = "Release"
      debugDocumentVersioning = "YES">
      <RemoteRunnable
         runnableDebuggingMode = "2"
         BundleIdentifier = "com.apple.springboard"
         RemotePath = "/Nume">
         <BuildableReference
            BuildableIdentifier = "primary"
            BlueprintIdentifier = "201D008B1AF1F8BA00D32F95"
            BuildableName = "Nume WatchKit App.app"
            BlueprintName = "Nume WatchKit App"
            ReferencedContainer = "container:Nume.xcodeproj">
         </BuildableReference>
      </RemoteRunnable>
      <MacroExpansion>
         <BuildableReference
            BuildableIdentifier = "primary"
            BlueprintIdentifier = "201D008B1AF1F8BA00D32F95"
            BuildableName = "Nume WatchKit App.app"
            BlueprintName = "Nume WatchKit App"
            ReferencedContainer = "container:Nume.xcodeproj">
         </BuildableReference>
      </MacroExpansion>
   </ProfileAction>
   <AnalyzeAction
      buildConfiguration = "Debug">
   </AnalyzeAction>
   <ArchiveAction
      buildConfiguration = "Release"
      revealArchiveInOrganizer = "YES">
   </ArchiveAction>
</Scheme>
